
Microsoft Visual Studio Solution File, Format Version 12.00
# Visual Studio Version 16
VisualStudioVersion = 16.0.30503.244
MinimumVisualStudioVersion = 10.0.40219.1
Project("{FAE04EC0-301F-11D3-BF4B-00C04F79EFBC}") = "BackToTheFutureV", "BackToTheFutureV\BackToTheFutureV.csproj", "{7BE2F39B-E0F1-4F7D-B674-BC595E4AF50D}"
EndProject
Project("{FAE04EC0-301F-11D3-BF4B-00C04F79EFBC}") = "KlangRageAudioLibrary", "KlangRageAudioLibrary\KlangRageAudioLibrary.csproj", "{E52DB215-0AA9-453A-B5F3-91F3FF35C1D9}"
EndProject
Project("{F184B08F-C81C-45F6-A57F-5ABD9991F28F}") = "RogersSierraRailway", "RogersSierra\RogersSierraRailway.vbproj", "{EF32B843-71F4-4AF6-93E3-BEC5F727C9A3}"
EndProject
Project("{FAE04EC0-301F-11D3-BF4B-00C04F79EFBC}") = "FusionLibrary", "FusionLibrary\FusionLibrary.csproj", "{F5AAD1BD-63CA-4A12-97A8-F0D876AB4462}"
EndProject
Project("{9A19103F-16F7-4668-BE54-9A1E7A4F7556}") = "BackToTheFutureV.HUD.Core", "BackToTheFutureV.HUD\BackToTheFutureV.HUD.Core\BackToTheFutureV.HUD.Core.csproj", "{B32480F2-767C-4426-AFA1-FF9511C612D9}"
EndProject
Project("{9A19103F-16F7-4668-BE54-9A1E7A4F7556}") = "BackToTheFutureV.HUD.Desktop", "BackToTheFutureV.HUD\BackToTheFutureV.HUD.Desktop\BackToTheFutureV.HUD.Desktop.csproj", "{D074FECB-F620-4F0B-8F63-F20466D3D533}"
EndProject
Project("{FAE04EC0-301F-11D3-BF4B-00C04F79EFBC}") = "BackToTheFutureV.HUD.Android", "BackToTheFutureV.HUD\BackToTheFutureV.HUD.Android\BackToTheFutureV.HUD.Android.csproj", "{07A654CD-A801-4CE2-9E42-73A2210D43B9}"
EndProject
Global
	GlobalSection(SolutionConfigurationPlatforms) = preSolution
		Debug|Any CPU = Debug|Any CPU
		Debug|x64 = Debug|x64
		Release|Any CPU = Release|Any CPU
		Release|x64 = Release|x64
	EndGlobalSection
	GlobalSection(ProjectConfigurationPlatforms) = postSolution
		{7BE2F39B-E0F1-4F7D-B674-BC595E4AF50D}.Debug|Any CPU.ActiveCfg = Debug|x64
		{7BE2F39B-E0F1-4F7D-B674-BC595E4AF50D}.Debug|Any CPU.Build.0 = Debug|x64
		{7BE2F39B-E0F1-4F7D-B674-BC595E4AF50D}.Debug|x64.ActiveCfg = Debug|x64
		{7BE2F39B-E0F1-4F7D-B674-BC595E4AF50D}.Debug|x64.Build.0 = Debug|x64
		{7BE2F39B-E0F1-4F7D-B674-BC595E4AF50D}.Release|Any CPU.ActiveCfg = Release|Any CPU
		{7BE2F39B-E0F1-4F7D-B674-BC595E4AF50D}.Release|Any CPU.Build.0 = Release|Any CPU
		{7BE2F39B-E0F1-4F7D-B674-BC595E4AF50D}.Release|x64.ActiveCfg = Release|Any CPU
		{7BE2F39B-E0F1-4F7D-B674-BC595E4AF50D}.Release|x64.Build.0 = Release|Any CPU
		{E52DB215-0AA9-453A-B5F3-91F3FF35C1D9}.Debug|Any CPU.ActiveCfg = Debug|Any CPU
		{E52DB215-0AA9-453A-B5F3-91F3FF35C1D9}.Debug|Any CPU.Build.0 = Debug|Any CPU
		{E52DB215-0AA9-453A-B5F3-91F3FF35C1D9}.Debug|x64.ActiveCfg = Debug|x64
		{E52DB215-0AA9-453A-B5F3-91F3FF35C1D9}.Debug|x64.Build.0 = Debug|x64
		{E52DB215-0AA9-453A-B5F3-91F3FF35C1D9}.Release|Any CPU.ActiveCfg = Release|Any CPU
		{E52DB215-0AA9-453A-B5F3-91F3FF35C1D9}.Release|Any CPU.Build.0 = Release|Any CPU
		{E52DB215-0AA9-453A-B5F3-91F3FF35C1D9}.Release|x64.ActiveCfg = Release|x64
		{E52DB215-0AA9-453A-B5F3-91F3FF35C1D9}.Release|x64.Build.0 = Release|x64
		{EF32B843-71F4-4AF6-93E3-BEC5F727C9A3}.Debug|Any CPU.ActiveCfg = Debug|Any CPU
		{EF32B843-71F4-4AF6-93E3-BEC5F727C9A3}.Debug|Any CPU.Build.0 = Debug|Any CPU
		{EF32B843-71F4-4AF6-93E3-BEC5F727C9A3}.Debug|x64.ActiveCfg = Debug|x64
		{EF32B843-71F4-4AF6-93E3-BEC5F727C9A3}.Debug|x64.Build.0 = Debug|x64
		{EF32B843-71F4-4AF6-93E3-BEC5F727C9A3}.Release|Any CPU.ActiveCfg = Release|Any CPU
		{EF32B843-71F4-4AF6-93E3-BEC5F727C9A3}.Release|Any CPU.Build.0 = Release|Any CPU
		{EF32B843-71F4-4AF6-93E3-BEC5F727C9A3}.Release|x64.ActiveCfg = Release|x64
		{EF32B843-71F4-4AF6-93E3-BEC5F727C9A3}.Release|x64.Build.0 = Release|x64
		{F5AAD1BD-63CA-4A12-97A8-F0D876AB4462}.Debug|Any CPU.ActiveCfg = Debug|Any CPU
		{F5AAD1BD-63CA-4A12-97A8-F0D876AB4462}.Debug|Any CPU.Build.0 = Debug|Any CPU
		{F5AAD1BD-63CA-4A12-97A8-F0D876AB4462}.Debug|x64.ActiveCfg = Debug|Any CPU
		{F5AAD1BD-63CA-4A12-97A8-F0D876AB4462}.Debug|x64.Build.0 = Debug|Any CPU
		{F5AAD1BD-63CA-4A12-97A8-F0D876AB4462}.Release|Any CPU.ActiveCfg = Release|Any CPU
		{F5AAD1BD-63CA-4A12-97A8-F0D876AB4462}.Release|Any CPU.Build.0 = Release|Any CPU
		{F5AAD1BD-63CA-4A12-97A8-F0D876AB4462}.Release|x64.ActiveCfg = Release|Any CPU
		{F5AAD1BD-63CA-4A12-97A8-F0D876AB4462}.Release|x64.Build.0 = Release|Any CPU
		{B32480F2-767C-4426-AFA1-FF9511C612D9}.Debug|Any CPU.ActiveCfg = Debug|Any CPU
		{B32480F2-767C-4426-AFA1-FF9511C612D9}.Debug|Any CPU.Build.0 = Debug|Any CPU
		{B32480F2-767C-4426-AFA1-FF9511C612D9}.Debug|x64.ActiveCfg = Debug|Any CPU
		{B32480F2-767C-4426-AFA1-FF9511C612D9}.Debug|x64.Build.0 = Debug|Any CPU
		{B32480F2-767C-4426-AFA1-FF9511C612D9}.Release|Any CPU.ActiveCfg = Release|Any CPU
		{B32480F2-767C-4426-AFA1-FF9511C612D9}.Release|Any CPU.Build.0 = Release|Any CPU
		{B32480F2-767C-4426-AFA1-FF9511C612D9}.Release|x64.ActiveCfg = Release|Any CPU
		{B32480F2-767C-4426-AFA1-FF9511C612D9}.Release|x64.Build.0 = Release|Any CPU
		{D074FECB-F620-4F0B-8F63-F20466D3D533}.Debug|Any CPU.ActiveCfg = Debug|Any CPU
		{D074FECB-F620-4F0B-8F63-F20466D3D533}.Debug|Any CPU.Build.0 = Debug|Any CPU
		{D074FECB-F620-4F0B-8F63-F20466D3D533}.Debug|x64.ActiveCfg = Debug|Any CPU
		{D074FECB-F620-4F0B-8F63-F20466D3D533}.Debug|x64.Build.0 = Debug|Any CPU
		{D074FECB-F620-4F0B-8F63-F20466D3D533}.Release|Any CPU.ActiveCfg = Release|Any CPU
		{D074FECB-F620-4F0B-8F63-F20466D3D533}.Release|Any CPU.Build.0 = Release|Any CPU
		{D074FECB-F620-4F0B-8F63-F20466D3D533}.Release|x64.ActiveCfg = Release|Any CPU
		{D074FECB-F620-4F0B-8F63-F20466D3D533}.Release|x64.Build.0 = Release|Any CPU
		{07A654CD-A801-4CE2-9E42-73A2210D43B9}.Debug|Any CPU.ActiveCfg = Debug|Any CPU
		{07A654CD-A801-4CE2-9E42-73A2210D43B9}.Debug|Any CPU.Build.0 = Debug|Any CPU
		{07A654CD-A801-4CE2-9E42-73A2210D43B9}.Debug|Any CPU.Deploy.0 = Debug|Any CPU
		{07A654CD-A801-4CE2-9E42-73A2210D43B9}.Debug|x64.ActiveCfg = Debug|Any CPU
		{07A654CD-A801-4CE2-9E42-73A2210D43B9}.Debug|x64.Build.0 = Debug|Any CPU
		{07A654CD-A801-4CE2-9E42-73A2210D43B9}.Debug|x64.Deploy.0 = Debug|Any CPU
		{07A654CD-A801-4CE2-9E42-73A2210D43B9}.Release|Any CPU.ActiveCfg = Release|Any CPU
		{07A654CD-A801-4CE2-9E42-73A2210D43B9}.Release|Any CPU.Build.0 = Release|Any CPU
		{07A654CD-A801-4CE2-9E42-73A2210D43B9}.Release|Any CPU.Deploy.0 = Release|Any CPU
		{07A654CD-A801-4CE2-9E42-73A2210D43B9}.Release|x64.ActiveCfg = Release|Any CPU
		{07A654CD-A801-4CE2-9E42-73A2210D43B9}.Release|x64.Build.0 = Release|Any CPU
		{07A654CD-A801-4CE2-9E42-73A2210D43B9}.Release|x64.Deploy.0 = Release|Any CPU
	EndGlobalSection
	GlobalSection(SolutionProperties) = preSolution
		HideSolutionNode = FALSE
	EndGlobalSection
	GlobalSection(ExtensibilityGlobals) = postSolution
		SolutionGuid = {A4965B9E-1023-43CE-AF03-F21D2EEC070B}
	EndGlobalSection
	GlobalSection(Performance) = preSolution
		HasPerformanceSessions = true
	EndGlobalSection
EndGlobal
